// !$*UTF8*$!
{
	archiveVersion = 1;
	classes = {
	};
	objectVersion = 50;
	objects = {

/* Begin PBXBuildFile section */
		BE759D5B24573A4700A6120C /* AppDelegate.swift in Sources */ = {isa = PBXBuildFile; fileRef = BE759D5A24573A4700A6120C /* AppDelegate.swift */; };
		BE759D5D24573A4700A6120C /* SceneDelegate.swift in Sources */ = {isa = PBXBuildFile; fileRef = BE759D5C24573A4700A6120C /* SceneDelegate.swift */; };
		BE759D6424573A4900A6120C /* Assets.xcassets in Resources */ = {isa = PBXBuildFile; fileRef = BE759D6324573A4900A6120C /* Assets.xcassets */; };
		BE759D6724573A4900A6120C /* LaunchScreen.storyboard in Resources */ = {isa = PBXBuildFile; fileRef = BE759D6524573A4900A6120C /* LaunchScreen.storyboard */; };
		BE759D7224573A4900A6120C /* Calorie_TrackerTests.swift in Sources */ = {isa = PBXBuildFile; fileRef = BE759D7124573A4900A6120C /* Calorie_TrackerTests.swift */; };
		BE759D7D24573A4900A6120C /* Calorie_TrackerUITests.swift in Sources */ = {isa = PBXBuildFile; fileRef = BE759D7C24573A4900A6120C /* Calorie_TrackerUITests.swift */; };
		BE7C7275245A856700E066F7 /* RoundButtons.swift in Sources */ = {isa = PBXBuildFile; fileRef = BE7C7274245A856700E066F7 /* RoundButtons.swift */; };
		BEEADB65245789C500958F56 /* Main.storyboard in Resources */ = {isa = PBXBuildFile; fileRef = BEEADB64245789C500958F56 /* Main.storyboard */; };
		BEEADBAD245931F000958F56 /* UserSettings.swift in Sources */ = {isa = PBXBuildFile; fileRef = BEEADBAC245931F000958F56 /* UserSettings.swift */; };
		BEEADBB224595A6C00958F56 /* MealController.swift in Sources */ = {isa = PBXBuildFile; fileRef = BEEADB6624578A1B00958F56 /* MealController.swift */; };
		BEFBE509245AEA3D006CF97D /* AddMealViewController.swift in Sources */ = {isa = PBXBuildFile; fileRef = BEFBE508245AEA3D006CF97D /* AddMealViewController.swift */; };
		BEFBE50B245AEA51006CF97D /* TodayViewController.swift in Sources */ = {isa = PBXBuildFile; fileRef = BEFBE50A245AEA51006CF97D /* TodayViewController.swift */; };
		BEFBE50D245AEA5F006CF97D /* HistoryViewController.swift in Sources */ = {isa = PBXBuildFile; fileRef = BEFBE50C245AEA5F006CF97D /* HistoryViewController.swift */; };
		BEFBE50F245AEA6D006CF97D /* OptionsViewController.swift in Sources */ = {isa = PBXBuildFile; fileRef = BEFBE50E245AEA6D006CF97D /* OptionsViewController.swift */; };
		BEFBE513245AF365006CF97D /* Meal.swift in Sources */ = {isa = PBXBuildFile; fileRef = BEFBE512245AF365006CF97D /* Meal.swift */; };
		BEFBE515245B4A5A006CF97D /* TodayViewCell.swift in Sources */ = {isa = PBXBuildFile; fileRef = BEFBE514245B4A5A006CF97D /* TodayViewCell.swift */; };
		BEFBE517245B5287006CF97D /* HomeViewController.swift in Sources */ = {isa = PBXBuildFile; fileRef = BEFBE516245B5287006CF97D /* HomeViewController.swift */; };
/* End PBXBuildFile section */

/* Begin PBXContainerItemProxy section */
		BE759D6E24573A4900A6120C /* PBXContainerItemProxy */ = {
			isa = PBXContainerItemProxy;
			containerPortal = BE759D4F24573A4700A6120C /* Project object */;
			proxyType = 1;
			remoteGlobalIDString = BE759D5624573A4700A6120C;
			remoteInfo = "Calorie Tracker";
		};
		BE759D7924573A4900A6120C /* PBXContainerItemProxy */ = {
			isa = PBXContainerItemProxy;
			containerPortal = BE759D4F24573A4700A6120C /* Project object */;
			proxyType = 1;
			remoteGlobalIDString = BE759D5624573A4700A6120C;
			remoteInfo = "Calorie Tracker";
		};
/* End PBXContainerItemProxy section */

/* Begin PBXFileReference section */
		BE759D5724573A4700A6120C /* Calorie Tracker.app */ = {isa = PBXFileReference; explicitFileType = wrapper.application; includeInIndex = 0; path = "Calorie Tracker.app"; sourceTree = BUILT_PRODUCTS_DIR; };
		BE759D5A24573A4700A6120C /* AppDelegate.swift */ = {isa = PBXFileReference; lastKnownFileType = sourcecode.swift; path = AppDelegate.swift; sourceTree = "<group>"; };
		BE759D5C24573A4700A6120C /* SceneDelegate.swift */ = {isa = PBXFileReference; lastKnownFileType = sourcecode.swift; path = SceneDelegate.swift; sourceTree = "<group>"; };
		BE759D6324573A4900A6120C /* Assets.xcassets */ = {isa = PBXFileReference; lastKnownFileType = folder.assetcatalog; path = Assets.xcassets; sourceTree = "<group>"; };
		BE759D6624573A4900A6120C /* Base */ = {isa = PBXFileReference; lastKnownFileType = file.storyboard; name = Base; path = Base.lproj/LaunchScreen.storyboard; sourceTree = "<group>"; };
		BE759D6824573A4900A6120C /* Info.plist */ = {isa = PBXFileReference; lastKnownFileType = text.plist.xml; path = Info.plist; sourceTree = "<group>"; };
		BE759D6D24573A4900A6120C /* Calorie TrackerTests.xctest */ = {isa = PBXFileReference; explicitFileType = wrapper.cfbundle; includeInIndex = 0; path = "Calorie TrackerTests.xctest"; sourceTree = BUILT_PRODUCTS_DIR; };
		BE759D7124573A4900A6120C /* Calorie_TrackerTests.swift */ = {isa = PBXFileReference; lastKnownFileType = sourcecode.swift; path = Calorie_TrackerTests.swift; sourceTree = "<group>"; };
		BE759D7324573A4900A6120C /* Info.plist */ = {isa = PBXFileReference; lastKnownFileType = text.plist.xml; path = Info.plist; sourceTree = "<group>"; };
		BE759D7824573A4900A6120C /* Calorie TrackerUITests.xctest */ = {isa = PBXFileReference; explicitFileType = wrapper.cfbundle; includeInIndex = 0; path = "Calorie TrackerUITests.xctest"; sourceTree = BUILT_PRODUCTS_DIR; };
		BE759D7C24573A4900A6120C /* Calorie_TrackerUITests.swift */ = {isa = PBXFileReference; lastKnownFileType = sourcecode.swift; path = Calorie_TrackerUITests.swift; sourceTree = "<group>"; };
		BE759D7E24573A4900A6120C /* Info.plist */ = {isa = PBXFileReference; lastKnownFileType = text.plist.xml; path = Info.plist; sourceTree = "<group>"; };
		BE7C7274245A856700E066F7 /* RoundButtons.swift */ = {isa = PBXFileReference; lastKnownFileType = sourcecode.swift; path = RoundButtons.swift; sourceTree = "<group>"; };
		BEEADB64245789C500958F56 /* Main.storyboard */ = {isa = PBXFileReference; lastKnownFileType = file.storyboard; path = Main.storyboard; sourceTree = "<group>"; };
		BEEADB6624578A1B00958F56 /* MealController.swift */ = {isa = PBXFileReference; lastKnownFileType = sourcecode.swift; path = MealController.swift; sourceTree = "<group>"; };
		BEEADBAC245931F000958F56 /* UserSettings.swift */ = {isa = PBXFileReference; lastKnownFileType = sourcecode.swift; path = UserSettings.swift; sourceTree = "<group>"; };
		BEFBE508245AEA3D006CF97D /* AddMealViewController.swift */ = {isa = PBXFileReference; lastKnownFileType = sourcecode.swift; path = AddMealViewController.swift; sourceTree = "<group>"; };
		BEFBE50A245AEA51006CF97D /* TodayViewController.swift */ = {isa = PBXFileReference; lastKnownFileType = sourcecode.swift; path = TodayViewController.swift; sourceTree = "<group>"; };
		BEFBE50C245AEA5F006CF97D /* HistoryViewController.swift */ = {isa = PBXFileReference; lastKnownFileType = sourcecode.swift; path = HistoryViewController.swift; sourceTree = "<group>"; };
		BEFBE50E245AEA6D006CF97D /* OptionsViewController.swift */ = {isa = PBXFileReference; lastKnownFileType = sourcecode.swift; path = OptionsViewController.swift; sourceTree = "<group>"; };
		BEFBE512245AF365006CF97D /* Meal.swift */ = {isa = PBXFileReference; lastKnownFileType = sourcecode.swift; path = Meal.swift; sourceTree = "<group>"; };
		BEFBE514245B4A5A006CF97D /* TodayViewCell.swift */ = {isa = PBXFileReference; lastKnownFileType = sourcecode.swift; path = TodayViewCell.swift; sourceTree = "<group>"; };
		BEFBE516245B5287006CF97D /* HomeViewController.swift */ = {isa = PBXFileReference; lastKnownFileType = sourcecode.swift; path = HomeViewController.swift; sourceTree = "<group>"; };
/* End PBXFileReference section */

/* Begin PBXFrameworksBuildPhase section */
		BE759D5424573A4700A6120C /* Frameworks */ = {
			isa = PBXFrameworksBuildPhase;
			buildActionMask = 2147483647;
			files = (
			);
			runOnlyForDeploymentPostprocessing = 0;
		};
		BE759D6A24573A4900A6120C /* Frameworks */ = {
			isa = PBXFrameworksBuildPhase;
			buildActionMask = 2147483647;
			files = (
			);
			runOnlyForDeploymentPostprocessing = 0;
		};
		BE759D7524573A4900A6120C /* Frameworks */ = {
			isa = PBXFrameworksBuildPhase;
			buildActionMask = 2147483647;
			files = (
			);
			runOnlyForDeploymentPostprocessing = 0;
		};
/* End PBXFrameworksBuildPhase section */

/* Begin PBXGroup section */
		BE759D4E24573A4700A6120C = {
			isa = PBXGroup;
			children = (
				BE759D5924573A4700A6120C /* Calorie Tracker */,
				BE759D7024573A4900A6120C /* Calorie TrackerTests */,
				BE759D7B24573A4900A6120C /* Calorie TrackerUITests */,
				BE759D5824573A4700A6120C /* Products */,
			);
			sourceTree = "<group>";
		};
		BE759D5824573A4700A6120C /* Products */ = {
			isa = PBXGroup;
			children = (
				BE759D5724573A4700A6120C /* Calorie Tracker.app */,
				BE759D6D24573A4900A6120C /* Calorie TrackerTests.xctest */,
				BE759D7824573A4900A6120C /* Calorie TrackerUITests.xctest */,
			);
			name = Products;
			sourceTree = "<group>";
		};
		BE759D5924573A4700A6120C /* Calorie Tracker */ = {
			isa = PBXGroup;
			children = (
				BE759D8D2457404A00A6120C /* presentation */,
				BE759D8C2457404400A6120C /* data */,
				BE759D8B2457403500A6120C /* controller */,
				BE759D8A2457402E00A6120C /* res */,
				BE759D5A24573A4700A6120C /* AppDelegate.swift */,
				BE759D5C24573A4700A6120C /* SceneDelegate.swift */,
				BE759D6324573A4900A6120C /* Assets.xcassets */,
				BE759D6524573A4900A6120C /* LaunchScreen.storyboard */,
				BE759D6824573A4900A6120C /* Info.plist */,
			);
			path = "Calorie Tracker";
			sourceTree = "<group>";
		};
		BE759D7024573A4900A6120C /* Calorie TrackerTests */ = {
			isa = PBXGroup;
			children = (
				BE759D7124573A4900A6120C /* Calorie_TrackerTests.swift */,
				BE759D7324573A4900A6120C /* Info.plist */,
			);
			path = "Calorie TrackerTests";
			sourceTree = "<group>";
		};
		BE759D7B24573A4900A6120C /* Calorie TrackerUITests */ = {
			isa = PBXGroup;
			children = (
				BE759D7C24573A4900A6120C /* Calorie_TrackerUITests.swift */,
				BE759D7E24573A4900A6120C /* Info.plist */,
			);
			path = "Calorie TrackerUITests";
			sourceTree = "<group>";
		};
		BE759D8A2457402E00A6120C /* res */ = {
			isa = PBXGroup;
			children = (
				BEEADBAC245931F000958F56 /* UserSettings.swift */,
			);
			path = res;
			sourceTree = "<group>";
		};
		BE759D8B2457403500A6120C /* controller */ = {
			isa = PBXGroup;
			children = (
				BEEADB6624578A1B00958F56 /* MealController.swift */,
				BEFBE508245AEA3D006CF97D /* AddMealViewController.swift */,
				BEFBE50A245AEA51006CF97D /* TodayViewController.swift */,
				BEFBE50C245AEA5F006CF97D /* HistoryViewController.swift */,
				BEFBE50E245AEA6D006CF97D /* OptionsViewController.swift */,
				BEFBE516245B5287006CF97D /* HomeViewController.swift */,
			);
			path = controller;
			sourceTree = "<group>";
		};
		BE759D8C2457404400A6120C /* data */ = {
			isa = PBXGroup;
			children = (
				BEFBE512245AF365006CF97D /* Meal.swift */,
			);
			path = data;
			sourceTree = "<group>";
		};
		BE759D8D2457404A00A6120C /* presentation */ = {
			isa = PBXGroup;
			children = (
				BEEADB64245789C500958F56 /* Main.storyboard */,
				BE7C7274245A856700E066F7 /* RoundButtons.swift */,
				BEFBE514245B4A5A006CF97D /* TodayViewCell.swift */,
			);
			path = presentation;
			sourceTree = "<group>";
		};
/* End PBXGroup section */

/* Begin PBXNativeTarget section */
		BE759D5624573A4700A6120C /* Calorie Tracker */ = {
			isa = PBXNativeTarget;
			buildConfigurationList = BE759D8124573A4900A6120C /* Build configuration list for PBXNativeTarget "Calorie Tracker" */;
			buildPhases = (
				BE759D5324573A4700A6120C /* Sources */,
				BE759D5424573A4700A6120C /* Frameworks */,
				BE759D5524573A4700A6120C /* Resources */,
			);
			buildRules = (
			);
			dependencies = (
			);
			name = "Calorie Tracker";
			productName = "Calorie Tracker";
			productReference = BE759D5724573A4700A6120C /* Calorie Tracker.app */;
			productType = "com.apple.product-type.application";
		};
		BE759D6C24573A4900A6120C /* Calorie TrackerTests */ = {
			isa = PBXNativeTarget;
			buildConfigurationList = BE759D8424573A4900A6120C /* Build configuration list for PBXNativeTarget "Calorie TrackerTests" */;
			buildPhases = (
				BE759D6924573A4900A6120C /* Sources */,
				BE759D6A24573A4900A6120C /* Frameworks */,
				BE759D6B24573A4900A6120C /* Resources */,
			);
			buildRules = (
			);
			dependencies = (
				BE759D6F24573A4900A6120C /* PBXTargetDependency */,
			);
			name = "Calorie TrackerTests";
			productName = "Calorie TrackerTests";
			productReference = BE759D6D24573A4900A6120C /* Calorie TrackerTests.xctest */;
			productType = "com.apple.product-type.bundle.unit-test";
		};
		BE759D7724573A4900A6120C /* Calorie TrackerUITests */ = {
			isa = PBXNativeTarget;
			buildConfigurationList = BE759D8724573A4900A6120C /* Build configuration list for PBXNativeTarget "Calorie TrackerUITests" */;
			buildPhases = (
				BE759D7424573A4900A6120C /* Sources */,
				BE759D7524573A4900A6120C /* Frameworks */,
				BE759D7624573A4900A6120C /* Resources */,
			);
			buildRules = (
			);
			dependencies = (
				BE759D7A24573A4900A6120C /* PBXTargetDependency */,
			);
			name = "Calorie TrackerUITests";
			productName = "Calorie TrackerUITests";
			productReference = BE759D7824573A4900A6120C /* Calorie TrackerUITests.xctest */;
			productType = "com.apple.product-type.bundle.ui-testing";
		};
/* End PBXNativeTarget section */

/* Begin PBXProject section */
		BE759D4F24573A4700A6120C /* Project object */ = {
			isa = PBXProject;
			attributes = {
				LastSwiftUpdateCheck = 1140;
				LastUpgradeCheck = 1140;
				ORGANIZATIONNAME = "Vincent Hoang";
				TargetAttributes = {
					BE759D5624573A4700A6120C = {
						CreatedOnToolsVersion = 11.4.1;
					};
					BE759D6C24573A4900A6120C = {
						CreatedOnToolsVersion = 11.4.1;
						TestTargetID = BE759D5624573A4700A6120C;
					};
					BE759D7724573A4900A6120C = {
						CreatedOnToolsVersion = 11.4.1;
						TestTargetID = BE759D5624573A4700A6120C;
					};
				};
			};
			buildConfigurationList = BE759D5224573A4700A6120C /* Build configuration list for PBXProject "Calorie Tracker" */;
			compatibilityVersion = "Xcode 9.3";
			developmentRegion = en;
			hasScannedForEncodings = 0;
			knownRegions = (
				en,
				Base,
			);
			mainGroup = BE759D4E24573A4700A6120C;
			productRefGroup = BE759D5824573A4700A6120C /* Products */;
			projectDirPath = "";
			projectRoot = "";
			targets = (
				BE759D5624573A4700A6120C /* Calorie Tracker */,
				BE759D6C24573A4900A6120C /* Calorie TrackerTests */,
				BE759D7724573A4900A6120C /* Calorie TrackerUITests */,
			);
		};
/* End PBXProject section */

/* Begin PBXResourcesBuildPhase section */
		BE759D5524573A4700A6120C /* Resources */ = {
			isa = PBXResourcesBuildPhase;
			buildActionMask = 2147483647;
			files = (
				BEEADB65245789C500958F56 /* Main.storyboard in Resources */,
				BE759D6724573A4900A6120C /* LaunchScreen.storyboard in Resources */,
				BE759D6424573A4900A6120C /* Assets.xcassets in Resources */,
			);
			runOnlyForDeploymentPostprocessing = 0;
		};
		BE759D6B24573A4900A6120C /* Resources */ = {
			isa = PBXResourcesBuildPhase;
			buildActionMask = 2147483647;
			files = (
			);
			runOnlyForDeploymentPostprocessing = 0;
		};
		BE759D7624573A4900A6120C /* Resources */ = {
			isa = PBXResourcesBuildPhase;
			buildActionMask = 2147483647;
			files = (
			);
			runOnlyForDeploymentPostprocessing = 0;
		};
/* End PBXResourcesBuildPhase section */

/* Begin PBXSourcesBuildPhase section */
		BE759D5324573A4700A6120C /* Sources */ = {
			isa = PBXSourcesBuildPhase;
			buildActionMask = 2147483647;
			files = (
				BE759D5B24573A4700A6120C /* AppDelegate.swift in Sources */,
				BEEADBB224595A6C00958F56 /* MealController.swift in Sources */,
				BEFBE515245B4A5A006CF97D /* TodayViewCell.swift in Sources */,
				BEFBE50D245AEA5F006CF97D /* HistoryViewController.swift in Sources */,
				BEEADBAD245931F000958F56 /* UserSettings.swift in Sources */,
				BEFBE513245AF365006CF97D /* Meal.swift in Sources */,
				BE759D5D24573A4700A6120C /* SceneDelegate.swift in Sources */,
				BEFBE50F245AEA6D006CF97D /* OptionsViewController.swift in Sources */,
				BEFBE509245AEA3D006CF97D /* AddMealViewController.swift in Sources */,
				BE7C7275245A856700E066F7 /* RoundButtons.swift in Sources */,
				BEFBE517245B5287006CF97D /* HomeViewController.swift in Sources */,
				BEFBE50B245AEA51006CF97D /* TodayViewController.swift in Sources */,
			);
			runOnlyForDeploymentPostprocessing = 0;
		};
		BE759D6924573A4900A6120C /* Sources */ = {
			isa = PBXSourcesBuildPhase;
			buildActionMask = 2147483647;
			files = (
				BE759D7224573A4900A6120C /* Calorie_TrackerTests.swift in Sources */,
			);
			runOnlyForDeploymentPostprocessing = 0;
		};
		BE759D7424573A4900A6120C /* Sources */ = {
			isa = PBXSourcesBuildPhase;
			buildActionMask = 2147483647;
			files = (
				BE759D7D24573A4900A6120C /* Calorie_TrackerUITests.swift in Sources */,
			);
			runOnlyForDeploymentPostprocessing = 0;
		};
/* End PBXSourcesBuildPhase section */

/* Begin PBXTargetDependency section */
		BE759D6F24573A4900A6120C /* PBXTargetDependency */ = {
			isa = PBXTargetDependency;
			target = BE759D5624573A4700A6120C /* Calorie Tracker */;
			targetProxy = BE759D6E24573A4900A6120C /* PBXContainerItemProxy */;
		};
		BE759D7A24573A4900A6120C /* PBXTargetDependency */ = {
			isa = PBXTargetDependency;
			target = BE759D5624573A4700A6120C /* Calorie Tracker */;
			targetProxy = BE759D7924573A4900A6120C /* PBXContainerItemProxy */;
		};
/* End PBXTargetDependency section */

/* Begin PBXVariantGroup section */
		BE759D6524573A4900A6120C /* LaunchScreen.storyboard */ = {
			isa = PBXVariantGroup;
			children = (
				BE759D6624573A4900A6120C /* Base */,
			);
			name = LaunchScreen.storyboard;
			sourceTree = "<group>";
		};
/* End PBXVariantGroup section */

/* Begin XCBuildConfiguration section */
		BE759D7F24573A4900A6120C /* Debug */ = {
			isa = XCBuildConfiguration;
			buildSettings = {
				ALWAYS_SEARCH_USER_PATHS = NO;
				CLANG_ANALYZER_NONNULL = YES;
				CLANG_ANALYZER_NUMBER_OBJECT_CONVERSION = YES_AGGRESSIVE;
				CLANG_CXX_LANGUAGE_STANDARD = "gnu++14";
				CLANG_CXX_LIBRARY = "libc++";
				CLANG_ENABLE_MODULES = YES;
				CLANG_ENABLE_OBJC_ARC = YES;
				CLANG_ENABLE_OBJC_WEAK = YES;
				CLANG_WARN_BLOCK_CAPTURE_AUTORELEASING = YES;
				CLANG_WARN_BOOL_CONVERSION = YES;
				CLANG_WARN_COMMA = YES;
				CLANG_WARN_CONSTANT_CONVERSION = YES;
				CLANG_WARN_DEPRECATED_OBJC_IMPLEMENTATIONS = YES;
				CLANG_WARN_DIRECT_OBJC_ISA_USAGE = YES_ERROR;
				CLANG_WARN_DOCUMENTATION_COMMENTS = YES;
				CLANG_WARN_EMPTY_BODY = YES;
				CLANG_WARN_ENUM_CONVERSION = YES;
				CLANG_WARN_INFINITE_RECURSION = YES;
				CLANG_WARN_INT_CONVERSION = YES;
				CLANG_WARN_NON_LITERAL_NULL_CONVERSION = YES;
				CLANG_WARN_OBJC_IMPLICIT_RETAIN_SELF = YES;
				CLANG_WARN_OBJC_LITERAL_CONVERSION = YES;
				CLANG_WARN_OBJC_ROOT_CLASS = YES_ERROR;
				CLANG_WARN_RANGE_LOOP_ANALYSIS = YES;
				CLANG_WARN_STRICT_PROTOTYPES = YES;
				CLANG_WARN_SUSPICIOUS_MOVE = YES;
				CLANG_WARN_UNGUARDED_AVAILABILITY = YES_AGGRESSIVE;
				CLANG_WARN_UNREACHABLE_CODE = YES;
				CLANG_WARN__DUPLICATE_METHOD_MATCH = YES;
				COPY_PHASE_STRIP = NO;
				DEBUG_INFORMATION_FORMAT = dwarf;
				ENABLE_STRICT_OBJC_MSGSEND = YES;
				ENABLE_TESTABILITY = YES;
				GCC_C_LANGUAGE_STANDARD = gnu11;
				GCC_DYNAMIC_NO_PIC = NO;
				GCC_NO_COMMON_BLOCKS = YES;
				GCC_OPTIMIZATION_LEVEL = 0;
				GCC_PREPROCESSOR_DEFINITIONS = (
					"DEBUG=1",
					"$(inherited)",
				);
				GCC_WARN_64_TO_32_BIT_CONVERSION = YES;
				GCC_WARN_ABOUT_RETURN_TYPE = YES_ERROR;
				GCC_WARN_UNDECLARED_SELECTOR = YES;
				GCC_WARN_UNINITIALIZED_AUTOS = YES_AGGRESSIVE;
				GCC_WARN_UNUSED_FUNCTION = YES;
				GCC_WARN_UNUSED_VARIABLE = YES;
				IPHONEOS_DEPLOYMENT_TARGET = 13.4;
				MTL_ENABLE_DEBUG_INFO = INCLUDE_SOURCE;
				MTL_FAST_MATH = YES;
				ONLY_ACTIVE_ARCH = YES;
				SDKROOT = iphoneos;
				SWIFT_ACTIVE_COMPILATION_CONDITIONS = DEBUG;
				SWIFT_OPTIMIZATION_LEVEL = "-Onone";
			};
			name = Debug;
		};
		BE759D8024573A4900A6120C /* Release */ = {
			isa = XCBuildConfiguration;
			buildSettings = {
				ALWAYS_SEARCH_USER_PATHS = NO;
				CLANG_ANALYZER_NONNULL = YES;
				CLANG_ANALYZER_NUMBER_OBJECT_CONVERSION = YES_AGGRESSIVE;
				CLANG_CXX_LANGUAGE_STANDARD = "gnu++14";
				CLANG_CXX_LIBRARY = "libc++";
				CLANG_ENABLE_MODULES = YES;
				CLANG_ENABLE_OBJC_ARC = YES;
				CLANG_ENABLE_OBJC_WEAK = YES;
				CLANG_WARN_BLOCK_CAPTURE_AUTORELEASING = YES;
				CLANG_WARN_BOOL_CONVERSION = YES;
				CLANG_WARN_COMMA = YES;
				CLANG_WARN_CONSTANT_CONVERSION = YES;
				CLANG_WARN_DEPRECATED_OBJC_IMPLEMENTATIONS = YES;
				CLANG_WARN_DIRECT_OBJC_ISA_USAGE = YES_ERROR;
				CLANG_WARN_DOCUMENTATION_COMMENTS = YES;
				CLANG_WARN_EMPTY_BODY = YES;
				CLANG_WARN_ENUM_CONVERSION = YES;
				CLANG_WARN_INFINITE_RECURSION = YES;
				CLANG_WARN_INT_CONVERSION = YES;
				CLANG_WARN_NON_LITERAL_NULL_CONVERSION = YES;
				CLANG_WARN_OBJC_IMPLICIT_RETAIN_SELF = YES;
				CLANG_WARN_OBJC_LITERAL_CONVERSION = YES;
				CLANG_WARN_OBJC_ROOT_CLASS = YES_ERROR;
				CLANG_WARN_RANGE_LOOP_ANALYSIS = YES;
				CLANG_WARN_STRICT_PROTOTYPES = YES;
				CLANG_WARN_SUSPICIOUS_MOVE = YES;
				CLANG_WARN_UNGUARDED_AVAILABILITY = YES_AGGRESSIVE;
				CLANG_WARN_UNREACHABLE_CODE = YES;
				CLANG_WARN__DUPLICATE_METHOD_MATCH = YES;
				COPY_PHASE_STRIP = NO;
				DEBUG_INFORMATION_FORMAT = "dwarf-with-dsym";
				ENABLE_NS_ASSERTIONS = NO;
				ENABLE_STRICT_OBJC_MSGSEND = YES;
				GCC_C_LANGUAGE_STANDARD = gnu11;
				GCC_NO_COMMON_BLOCKS = YES;
				GCC_WARN_64_TO_32_BIT_CONVERSION = YES;
				GCC_WARN_ABOUT_RETURN_TYPE = YES_ERROR;
				GCC_WARN_UNDECLARED_SELECTOR = YES;
				GCC_WARN_UNINITIALIZED_AUTOS = YES_AGGRESSIVE;
				GCC_WARN_UNUSED_FUNCTION = YES;
				GCC_WARN_UNUSED_VARIABLE = YES;
				IPHONEOS_DEPLOYMENT_TARGET = 13.4;
				MTL_ENABLE_DEBUG_INFO = NO;
				MTL_FAST_MATH = YES;
				SDKROOT = iphoneos;
				SWIFT_COMPILATION_MODE = wholemodule;
				SWIFT_OPTIMIZATION_LEVEL = "-O";
				VALIDATE_PRODUCT = YES;
			};
			name = Release;
		};
		BE759D8224573A4900A6120C /* Debug */ = {
			isa = XCBuildConfiguration;
			buildSettings = {
				ASSETCATALOG_COMPILER_APPICON_NAME = AppIcon;
				CODE_SIGN_STYLE = Automatic;
				INFOPLIST_FILE = "Calorie Tracker/Info.plist";
				LD_RUNPATH_SEARCH_PATHS = (
					"$(inherited)",
					"@executable_path/Frameworks",
				);
				PRODUCT_BUNDLE_IDENTIFIER = "system787.Calorie-Tracker";
				PRODUCT_NAME = "$(TARGET_NAME)";
				SWIFT_VERSION = 5.0;
				TARGETED_DEVICE_FAMILY = "1,2";
			};
			name = Debug;
		};
		BE759D8324573A4900A6120C /* Release */ = {
			isa = XCBuildConfiguration;
			buildSettings = {
				ASSETCATALOG_COMPILER_APPICON_NAME = AppIcon;
				CODE_SIGN_STYLE = Automatic;
				INFOPLIST_FILE = "Calorie Tracker/Info.plist";
				LD_RUNPATH_SEARCH_PATHS = (
					"$(inherited)",
					"@executable_path/Frameworks",
				);
				PRODUCT_BUNDLE_IDENTIFIER = "system787.Calorie-Tracker";
				PRODUCT_NAME = "$(TARGET_NAME)";
				SWIFT_VERSION = 5.0;
				TARGETED_DEVICE_FAMILY = "1,2";
			};
			name = Release;
		};
		BE759D8524573A4900A6120C /* Debug */ = {
			isa = XCBuildConfiguration;
			buildSettings = {
				ALWAYS_EMBED_SWIFT_STANDARD_LIBRARIES = YES;
				BUNDLE_LOADER = "$(TEST_HOST)";
				CODE_SIGN_STYLE = Automatic;
				INFOPLIST_FILE = "Calorie TrackerTests/Info.plist";
				IPHONEOS_DEPLOYMENT_TARGET = 13.4;
				LD_RUNPATH_SEARCH_PATHS = (
					"$(inherited)",
					"@executable_path/Frameworks",
					"@loader_path/Frameworks",
				);
				PRODUCT_BUNDLE_IDENTIFIER = "system787.Calorie-TrackerTests";
				PRODUCT_NAME = "$(TARGET_NAME)";
				SWIFT_VERSION = 5.0;
				TARGETED_DEVICE_FAMILY = "1,2";
				TEST_HOST = "$(BUILT_PRODUCTS_DIR)/Calorie Tracker.app/Calorie Tracker";
			};
			name = Debug;
		};
		BE759D8624573A4900A6120C /* Release */ = {
			isa = XCBuildConfiguration;
			buildSettings = {
				ALWAYS_EMBED_SWIFT_STANDARD_LIBRARIES = YES;
				BUNDLE_LOADER = "$(TEST_HOST)";
				CODE_SIGN_STYLE = Automatic;
				INFOPLIST_FILE = "Calorie TrackerTests/Info.plist";
				IPHONEOS_DEPLOYMENT_TARGET = 13.4;
				LD_RUNPATH_SEARCH_PATHS = (
					"$(inherited)",
					"@executable_path/Frameworks",
					"@loader_path/Frameworks",
				);
				PRODUCT_BUNDLE_IDENTIFIER = "system787.Calorie-TrackerTests";
				PRODUCT_NAME = "$(TARGET_NAME)";
				SWIFT_VERSION = 5.0;
				TARGETED_DEVICE_FAMILY = "1,2";
				TEST_HOST = "$(BUILT_PRODUCTS_DIR)/Calorie Tracker.app/Calorie Tracker";
			};
			name = Release;
		};
		BE759D8824573A4900A6120C /* Debug */ = {
			isa = XCBuildConfiguration;
			buildSettings = {
				ALWAYS_EMBED_SWIFT_STANDARD_LIBRARIES = YES;
				CODE_SIGN_STYLE = Automatic;
				INFOPLIST_FILE = "Calorie TrackerUITests/Info.plist";
				LD_RUNPATH_SEARCH_PATHS = (
					"$(inherited)",
					"@executable_path/Frameworks",
					"@loader_path/Frameworks",
				);
				PRODUCT_BUNDLE_IDENTIFIER = "system787.Calorie-TrackerUITests";
				PRODUCT_NAME = "$(TARGET_NAME)";
				SWIFT_VERSION = 5.0;
				TARGETED_DEVICE_FAMILY = "1,2";
				TEST_TARGET_NAME = "Calorie Tracker";
			};
			name = Debug;
		};
		BE759D8924573A4900A6120C /* Release */ = {
			isa = XCBuildConfiguration;
			buildSettings = {
				ALWAYS_EMBED_SWIFT_STANDARD_LIBRARIES = YES;
				CODE_SIGN_STYLE = Automatic;
				INFOPLIST_FILE = "Calorie TrackerUITests/Info.plist";
				LD_RUNPATH_SEARCH_PATHS = (
					"$(inherited)",
					"@executable_path/Frameworks",
					"@loader_path/Frameworks",
				);
				PRODUCT_BUNDLE_IDENTIFIER = "system787.Calorie-TrackerUITests";
				PRODUCT_NAME = "$(TARGET_NAME)";
				SWIFT_VERSION = 5.0;
				TARGETED_DEVICE_FAMILY = "1,2";
				TEST_TARGET_NAME = "Calorie Tracker";
			};
			name = Release;
		};
/* End XCBuildConfiguration section */

/* Begin XCConfigurationList section */
		BE759D5224573A4700A6120C /* Build configuration list for PBXProject "Calorie Tracker" */ = {
			isa = XCConfigurationList;
			buildConfigurations = (
				BE759D7F24573A4900A6120C /* Debug */,
				BE759D8024573A4900A6120C /* Release */,
			);
			defaultConfigurationIsVisible = 0;
			defaultConfigurationName = Release;
		};
		BE759D8124573A4900A6120C /* Build configuration list for PBXNativeTarget "Calorie Tracker" */ = {
			isa = XCConfigurationList;
			buildConfigurations = (
				BE759D8224573A4900A6120C /* Debug */,
				BE759D8324573A4900A6120C /* Release */,
			);
			defaultConfigurationIsVisible = 0;
			defaultConfigurationName = Release;
		};
		BE759D8424573A4900A6120C /* Build configuration list for PBXNativeTarget "Calorie TrackerTests" */ = {
			isa = XCConfigurationList;
			buildConfigurations = (
				BE759D8524573A4900A6120C /* Debug */,
				BE759D8624573A4900A6120C /* Release */,
			);
			defaultConfigurationIsVisible = 0;
			defaultConfigurationName = Release;
		};
		BE759D8724573A4900A6120C /* Build configuration list for PBXNativeTarget "Calorie TrackerUITests" */ = {
			isa = XCConfigurationList;
			buildConfigurations = (
				BE759D8824573A4900A6120C /* Debug */,
				BE759D8924573A4900A6120C /* Release */,
			);
			defaultConfigurationIsVisible = 0;
			defaultConfigurationName = Release;
		};
/* End XCConfigurationList section */
	};
	rootObject = BE759D4F24573A4700A6120C /* Project object */;
}
